// !$*UTF8*$!
{
	archiveVersion = 1;
	classes = {
	};
	objectVersion = 56;
	objects = {

/* Begin PBXBuildFile section */
		DE3FEB462AAB4B7A00591394 /* String+Extension.swift in Sources */ = {isa = PBXBuildFile; fileRef = DE3FEB452AAB4B7A00591394 /* String+Extension.swift */; };
		DE3FEB482AAB52E900591394 /* SearchResultReusableView.swift in Sources */ = {isa = PBXBuildFile; fileRef = DE3FEB472AAB52E900591394 /* SearchResultReusableView.swift */; };
		DE3FEB4A2AAB7A5500591394 /* UIImage+Extension.swift in Sources */ = {isa = PBXBuildFile; fileRef = DE3FEB492AAB7A5500591394 /* UIImage+Extension.swift */; };
		DE3FEB4C2AABAD6C00591394 /* Product.swift in Sources */ = {isa = PBXBuildFile; fileRef = DE3FEB4B2AABAD6C00591394 /* Product.swift */; };
		DE3FEB4F2AABCA1100591394 /* ProductTableRepository.swift in Sources */ = {isa = PBXBuildFile; fileRef = DE3FEB4E2AABCA1100591394 /* ProductTableRepository.swift */; };
		DE3FEB512AABE7B800591394 /* LikedViewController.swift in Sources */ = {isa = PBXBuildFile; fileRef = DE3FEB502AABE7B800591394 /* LikedViewController.swift */; };
		DE3FEB532AABEB5C00591394 /* LikedView.swift in Sources */ = {isa = PBXBuildFile; fileRef = DE3FEB522AABEB5C00591394 /* LikedView.swift */; };
		DE4931602AAA96FD000D70F9 /* UILabel+Extension.swift in Sources */ = {isa = PBXBuildFile; fileRef = DE49315F2AAA96FD000D70F9 /* UILabel+Extension.swift */; };
		DE50C0372AAA01A6006AD054 /* AppDelegate.swift in Sources */ = {isa = PBXBuildFile; fileRef = DE50C0362AAA01A6006AD054 /* AppDelegate.swift */; };
		DE50C0392AAA01A6006AD054 /* SceneDelegate.swift in Sources */ = {isa = PBXBuildFile; fileRef = DE50C0382AAA01A6006AD054 /* SceneDelegate.swift */; };
		DE50C03B2AAA01A6006AD054 /* MainViewController.swift in Sources */ = {isa = PBXBuildFile; fileRef = DE50C03A2AAA01A6006AD054 /* MainViewController.swift */; };
		DE50C0402AAA01A8006AD054 /* Assets.xcassets in Resources */ = {isa = PBXBuildFile; fileRef = DE50C03F2AAA01A8006AD054 /* Assets.xcassets */; };
		DE50C0432AAA01A8006AD054 /* LaunchScreen.storyboard in Resources */ = {isa = PBXBuildFile; fileRef = DE50C0412AAA01A8006AD054 /* LaunchScreen.storyboard */; };
		DE50C0552AAA0566006AD054 /* Constant.swift in Sources */ = {isa = PBXBuildFile; fileRef = DE50C0542AAA0566006AD054 /* Constant.swift */; };
		DE50C0582AAA05DF006AD054 /* Realm in Frameworks */ = {isa = PBXBuildFile; productRef = DE50C0572AAA05DF006AD054 /* Realm */; };
		DE50C05A2AAA05DF006AD054 /* RealmSwift in Frameworks */ = {isa = PBXBuildFile; productRef = DE50C0592AAA05DF006AD054 /* RealmSwift */; };
		DE50C05D2AAA05ED006AD054 /* SnapKit in Frameworks */ = {isa = PBXBuildFile; productRef = DE50C05C2AAA05ED006AD054 /* SnapKit */; };
		DE50C0602AAA05FD006AD054 /* Kingfisher in Frameworks */ = {isa = PBXBuildFile; productRef = DE50C05F2AAA05FD006AD054 /* Kingfisher */; };
		DE50C0632AAA0636006AD054 /* TextFieldEffects in Frameworks */ = {isa = PBXBuildFile; productRef = DE50C0622AAA0636006AD054 /* TextFieldEffects */; };
		DE50C0652AAA0683006AD054 /* MainView.swift in Sources */ = {isa = PBXBuildFile; fileRef = DE50C0642AAA0683006AD054 /* MainView.swift */; };
		DE50C0682AAA06D8006AD054 /* Protocols.swift in Sources */ = {isa = PBXBuildFile; fileRef = DE50C0672AAA06D8006AD054 /* Protocols.swift */; };
		DE50C06A2AAA07F2006AD054 /* ReusableProtocol.swift in Sources */ = {isa = PBXBuildFile; fileRef = DE50C0692AAA07F2006AD054 /* ReusableProtocol.swift */; };
		DE50C06D2AAA090F006AD054 /* EndPoint.swift in Sources */ = {isa = PBXBuildFile; fileRef = DE50C06C2AAA090F006AD054 /* EndPoint.swift */; };
		DE50C06F2AAA0915006AD054 /* APIService.swift in Sources */ = {isa = PBXBuildFile; fileRef = DE50C06E2AAA0915006AD054 /* APIService.swift */; };
		DE50C0722AAA0928006AD054 /* APIKey.swift in Sources */ = {isa = PBXBuildFile; fileRef = DE50C0712AAA0928006AD054 /* APIKey.swift */; };
		DE50C0762AAA1455006AD054 /* URL+Extension.swift in Sources */ = {isa = PBXBuildFile; fileRef = DE50C0752AAA1455006AD054 /* URL+Extension.swift */; };
		DE50C0782AAA15E6006AD054 /* Parameter.swift in Sources */ = {isa = PBXBuildFile; fileRef = DE50C0772AAA15E6006AD054 /* Parameter.swift */; };
		DE50C07B2AAA19B0006AD054 /* Shopping.swift in Sources */ = {isa = PBXBuildFile; fileRef = DE50C07A2AAA19B0006AD054 /* Shopping.swift */; };
		DE50C07D2AAA2763006AD054 /* SearchResultViewController.swift in Sources */ = {isa = PBXBuildFile; fileRef = DE50C07C2AAA2763006AD054 /* SearchResultViewController.swift */; };
		DE50C07F2AAA33CB006AD054 /* SearchResultView.swift in Sources */ = {isa = PBXBuildFile; fileRef = DE50C07E2AAA33CB006AD054 /* SearchResultView.swift */; };
		DE50C0812AAA3600006AD054 /* UICollectionView+Extension.swift in Sources */ = {isa = PBXBuildFile; fileRef = DE50C0802AAA3600006AD054 /* UICollectionView+Extension.swift */; };
		DE50C0852AAA3728006AD054 /* SearchResultCVCell.swift in Sources */ = {isa = PBXBuildFile; fileRef = DE50C0842AAA3728006AD054 /* SearchResultCVCell.swift */; };
/* End PBXBuildFile section */

/* Begin PBXFileReference section */
		DE3FEB452AAB4B7A00591394 /* String+Extension.swift */ = {isa = PBXFileReference; lastKnownFileType = sourcecode.swift; path = "String+Extension.swift"; sourceTree = "<group>"; };
		DE3FEB472AAB52E900591394 /* SearchResultReusableView.swift */ = {isa = PBXFileReference; lastKnownFileType = sourcecode.swift; path = SearchResultReusableView.swift; sourceTree = "<group>"; };
		DE3FEB492AAB7A5500591394 /* UIImage+Extension.swift */ = {isa = PBXFileReference; lastKnownFileType = sourcecode.swift; path = "UIImage+Extension.swift"; sourceTree = "<group>"; };
		DE3FEB4B2AABAD6C00591394 /* Product.swift */ = {isa = PBXFileReference; lastKnownFileType = sourcecode.swift; path = Product.swift; sourceTree = "<group>"; };
		DE3FEB4E2AABCA1100591394 /* ProductTableRepository.swift */ = {isa = PBXFileReference; lastKnownFileType = sourcecode.swift; path = ProductTableRepository.swift; sourceTree = "<group>"; };
		DE3FEB502AABE7B800591394 /* LikedViewController.swift */ = {isa = PBXFileReference; lastKnownFileType = sourcecode.swift; path = LikedViewController.swift; sourceTree = "<group>"; };
		DE3FEB522AABEB5C00591394 /* LikedView.swift */ = {isa = PBXFileReference; lastKnownFileType = sourcecode.swift; path = LikedView.swift; sourceTree = "<group>"; };
		DE49315F2AAA96FD000D70F9 /* UILabel+Extension.swift */ = {isa = PBXFileReference; lastKnownFileType = sourcecode.swift; path = "UILabel+Extension.swift"; sourceTree = "<group>"; };
		DE50C0332AAA01A6006AD054 /* NaverShoppingExplorer.app */ = {isa = PBXFileReference; explicitFileType = wrapper.application; includeInIndex = 0; path = NaverShoppingExplorer.app; sourceTree = BUILT_PRODUCTS_DIR; };
		DE50C0362AAA01A6006AD054 /* AppDelegate.swift */ = {isa = PBXFileReference; lastKnownFileType = sourcecode.swift; path = AppDelegate.swift; sourceTree = "<group>"; };
		DE50C0382AAA01A6006AD054 /* SceneDelegate.swift */ = {isa = PBXFileReference; lastKnownFileType = sourcecode.swift; path = SceneDelegate.swift; sourceTree = "<group>"; };
		DE50C03A2AAA01A6006AD054 /* MainViewController.swift */ = {isa = PBXFileReference; lastKnownFileType = sourcecode.swift; path = MainViewController.swift; sourceTree = "<group>"; };
		DE50C03F2AAA01A8006AD054 /* Assets.xcassets */ = {isa = PBXFileReference; lastKnownFileType = folder.assetcatalog; path = Assets.xcassets; sourceTree = "<group>"; };
		DE50C0422AAA01A8006AD054 /* Base */ = {isa = PBXFileReference; lastKnownFileType = file.storyboard; name = Base; path = Base.lproj/LaunchScreen.storyboard; sourceTree = "<group>"; };
		DE50C0442AAA01A8006AD054 /* Info.plist */ = {isa = PBXFileReference; lastKnownFileType = text.plist.xml; path = Info.plist; sourceTree = "<group>"; };
		DE50C0542AAA0566006AD054 /* Constant.swift */ = {isa = PBXFileReference; lastKnownFileType = sourcecode.swift; path = Constant.swift; sourceTree = "<group>"; };
		DE50C0642AAA0683006AD054 /* MainView.swift */ = {isa = PBXFileReference; lastKnownFileType = sourcecode.swift; path = MainView.swift; sourceTree = "<group>"; };
		DE50C0672AAA06D8006AD054 /* Protocols.swift */ = {isa = PBXFileReference; lastKnownFileType = sourcecode.swift; path = Protocols.swift; sourceTree = "<group>"; };
		DE50C0692AAA07F2006AD054 /* ReusableProtocol.swift */ = {isa = PBXFileReference; lastKnownFileType = sourcecode.swift; path = ReusableProtocol.swift; sourceTree = "<group>"; };
		DE50C06C2AAA090F006AD054 /* EndPoint.swift */ = {isa = PBXFileReference; lastKnownFileType = sourcecode.swift; path = EndPoint.swift; sourceTree = "<group>"; };
		DE50C06E2AAA0915006AD054 /* APIService.swift */ = {isa = PBXFileReference; lastKnownFileType = sourcecode.swift; path = APIService.swift; sourceTree = "<group>"; };
		DE50C0712AAA0928006AD054 /* APIKey.swift */ = {isa = PBXFileReference; lastKnownFileType = sourcecode.swift; path = APIKey.swift; sourceTree = "<group>"; };
		DE50C0752AAA1455006AD054 /* URL+Extension.swift */ = {isa = PBXFileReference; lastKnownFileType = sourcecode.swift; path = "URL+Extension.swift"; sourceTree = "<group>"; };
		DE50C0772AAA15E6006AD054 /* Parameter.swift */ = {isa = PBXFileReference; lastKnownFileType = sourcecode.swift; path = Parameter.swift; sourceTree = "<group>"; };
		DE50C07A2AAA19B0006AD054 /* Shopping.swift */ = {isa = PBXFileReference; lastKnownFileType = sourcecode.swift; path = Shopping.swift; sourceTree = "<group>"; };
		DE50C07C2AAA2763006AD054 /* SearchResultViewController.swift */ = {isa = PBXFileReference; lastKnownFileType = sourcecode.swift; path = SearchResultViewController.swift; sourceTree = "<group>"; };
		DE50C07E2AAA33CB006AD054 /* SearchResultView.swift */ = {isa = PBXFileReference; lastKnownFileType = sourcecode.swift; path = SearchResultView.swift; sourceTree = "<group>"; };
		DE50C0802AAA3600006AD054 /* UICollectionView+Extension.swift */ = {isa = PBXFileReference; lastKnownFileType = sourcecode.swift; path = "UICollectionView+Extension.swift"; sourceTree = "<group>"; };
		DE50C0842AAA3728006AD054 /* SearchResultCVCell.swift */ = {isa = PBXFileReference; lastKnownFileType = sourcecode.swift; path = SearchResultCVCell.swift; sourceTree = "<group>"; };
/* End PBXFileReference section */

/* Begin PBXFrameworksBuildPhase section */
		DE50C0302AAA01A6006AD054 /* Frameworks */ = {
			isa = PBXFrameworksBuildPhase;
			buildActionMask = 2147483647;
			files = (
				DE50C0602AAA05FD006AD054 /* Kingfisher in Frameworks */,
				DE50C05D2AAA05ED006AD054 /* SnapKit in Frameworks */,
				DE50C05A2AAA05DF006AD054 /* RealmSwift in Frameworks */,
				DE50C0582AAA05DF006AD054 /* Realm in Frameworks */,
				DE50C0632AAA0636006AD054 /* TextFieldEffects in Frameworks */,
			);
			runOnlyForDeploymentPostprocessing = 0;
		};
/* End PBXFrameworksBuildPhase section */

/* Begin PBXGroup section */
		DE3FEB4D2AABC9F100591394 /* Realm */ = {
			isa = PBXGroup;
			children = (
				DE3FEB4B2AABAD6C00591394 /* Product.swift */,
				DE3FEB4E2AABCA1100591394 /* ProductTableRepository.swift */,
			);
			path = Realm;
			sourceTree = "<group>";
		};
		DE50C02A2AAA01A6006AD054 = {
			isa = PBXGroup;
			children = (
				DE50C0352AAA01A6006AD054 /* NaverShoppingExplorer */,
				DE50C0342AAA01A6006AD054 /* Products */,
			);
			sourceTree = "<group>";
		};
		DE50C0342AAA01A6006AD054 /* Products */ = {
			isa = PBXGroup;
			children = (
				DE50C0332AAA01A6006AD054 /* NaverShoppingExplorer.app */,
			);
			name = Products;
			sourceTree = "<group>";
		};
		DE50C0352AAA01A6006AD054 /* NaverShoppingExplorer */ = {
			isa = PBXGroup;
			children = (
				DE50C04A2AAA0228006AD054 /* APP */,
				DE50C0702AAA0920006AD054 /* Security */,
				DE50C0742AAA1442006AD054 /* Extensions */,
				DE50C06B2AAA08FC006AD054 /* Network */,
				DE50C0792AAA19A3006AD054 /* Models */,
				DE50C04D2AAA031F006AD054 /* Helper */,
				DE3FEB4D2AABC9F100591394 /* Realm */,
				DE50C04C2AAA0245006AD054 /* Views */,
				DE50C04B2AAA0231006AD054 /* ViewControllers */,
				DE50C03F2AAA01A8006AD054 /* Assets.xcassets */,
				DE50C0412AAA01A8006AD054 /* LaunchScreen.storyboard */,
				DE50C0442AAA01A8006AD054 /* Info.plist */,
			);
			path = NaverShoppingExplorer;
			sourceTree = "<group>";
		};
		DE50C04A2AAA0228006AD054 /* APP */ = {
			isa = PBXGroup;
			children = (
				DE50C0362AAA01A6006AD054 /* AppDelegate.swift */,
				DE50C0382AAA01A6006AD054 /* SceneDelegate.swift */,
			);
			path = APP;
			sourceTree = "<group>";
		};
		DE50C04B2AAA0231006AD054 /* ViewControllers */ = {
			isa = PBXGroup;
			children = (
				DE50C03A2AAA01A6006AD054 /* MainViewController.swift */,
				DE50C07C2AAA2763006AD054 /* SearchResultViewController.swift */,
				DE3FEB502AABE7B800591394 /* LikedViewController.swift */,
			);
			path = ViewControllers;
			sourceTree = "<group>";
		};
		DE50C04C2AAA0245006AD054 /* Views */ = {
			isa = PBXGroup;
			children = (
				DE50C0832AAA3712006AD054 /* View */,
				DE50C0822AAA3703006AD054 /* Cells */,
			);
			path = Views;
			sourceTree = "<group>";
		};
		DE50C04D2AAA031F006AD054 /* Helper */ = {
			isa = PBXGroup;
			children = (
				DE50C0662AAA06C9006AD054 /* Protocols */,
				DE50C0532AAA0548006AD054 /* Constant */,
			);
			path = Helper;
			sourceTree = "<group>";
		};
		DE50C0532AAA0548006AD054 /* Constant */ = {
			isa = PBXGroup;
			children = (
				DE50C0542AAA0566006AD054 /* Constant.swift */,
			);
			path = Constant;
			sourceTree = "<group>";
		};
		DE50C0662AAA06C9006AD054 /* Protocols */ = {
			isa = PBXGroup;
			children = (
				DE50C0672AAA06D8006AD054 /* Protocols.swift */,
				DE50C0692AAA07F2006AD054 /* ReusableProtocol.swift */,
			);
			path = Protocols;
			sourceTree = "<group>";
		};
		DE50C06B2AAA08FC006AD054 /* Network */ = {
			isa = PBXGroup;
			children = (
				DE50C06C2AAA090F006AD054 /* EndPoint.swift */,
				DE50C0772AAA15E6006AD054 /* Parameter.swift */,
				DE50C06E2AAA0915006AD054 /* APIService.swift */,
			);
			path = Network;
			sourceTree = "<group>";
		};
		DE50C0702AAA0920006AD054 /* Security */ = {
			isa = PBXGroup;
			children = (
				DE50C0712AAA0928006AD054 /* APIKey.swift */,
			);
			path = Security;
			sourceTree = "<group>";
		};
		DE50C0742AAA1442006AD054 /* Extensions */ = {
			isa = PBXGroup;
			children = (
				DE50C0752AAA1455006AD054 /* URL+Extension.swift */,
				DE50C0802AAA3600006AD054 /* UICollectionView+Extension.swift */,
				DE49315F2AAA96FD000D70F9 /* UILabel+Extension.swift */,
				DE3FEB452AAB4B7A00591394 /* String+Extension.swift */,
				DE3FEB492AAB7A5500591394 /* UIImage+Extension.swift */,
			);
			path = Extensions;
			sourceTree = "<group>";
		};
		DE50C0792AAA19A3006AD054 /* Models */ = {
			isa = PBXGroup;
			children = (
				DE50C07A2AAA19B0006AD054 /* Shopping.swift */,
			);
			path = Models;
			sourceTree = "<group>";
		};
		DE50C0822AAA3703006AD054 /* Cells */ = {
			isa = PBXGroup;
			children = (
				DE3FEB472AAB52E900591394 /* SearchResultReusableView.swift */,
				DE50C0842AAA3728006AD054 /* SearchResultCVCell.swift */,
			);
			path = Cells;
			sourceTree = "<group>";
		};
		DE50C0832AAA3712006AD054 /* View */ = {
			isa = PBXGroup;
			children = (
				DE50C0642AAA0683006AD054 /* MainView.swift */,
				DE50C07E2AAA33CB006AD054 /* SearchResultView.swift */,
				DE3FEB522AABEB5C00591394 /* LikedView.swift */,
			);
			path = View;
			sourceTree = "<group>";
		};
/* End PBXGroup section */

/* Begin PBXNativeTarget section */
		DE50C0322AAA01A6006AD054 /* NaverShoppingExplorer */ = {
			isa = PBXNativeTarget;
			buildConfigurationList = DE50C0472AAA01A8006AD054 /* Build configuration list for PBXNativeTarget "NaverShoppingExplorer" */;
			buildPhases = (
				DE50C02F2AAA01A6006AD054 /* Sources */,
				DE50C0302AAA01A6006AD054 /* Frameworks */,
				DE50C0312AAA01A6006AD054 /* Resources */,
			);
			buildRules = (
			);
			dependencies = (
			);
			name = NaverShoppingExplorer;
			packageProductDependencies = (
				DE50C0572AAA05DF006AD054 /* Realm */,
				DE50C0592AAA05DF006AD054 /* RealmSwift */,
				DE50C05C2AAA05ED006AD054 /* SnapKit */,
				DE50C05F2AAA05FD006AD054 /* Kingfisher */,
				DE50C0622AAA0636006AD054 /* TextFieldEffects */,
			);
			productName = NaverShoppingExplorer;
			productReference = DE50C0332AAA01A6006AD054 /* NaverShoppingExplorer.app */;
			productType = "com.apple.product-type.application";
		};
/* End PBXNativeTarget section */

/* Begin PBXProject section */
		DE50C02B2AAA01A6006AD054 /* Project object */ = {
			isa = PBXProject;
			attributes = {
				BuildIndependentTargetsInParallel = 1;
				LastSwiftUpdateCheck = 1430;
				LastUpgradeCheck = 1430;
				TargetAttributes = {
					DE50C0322AAA01A6006AD054 = {
						CreatedOnToolsVersion = 14.3.1;
					};
				};
			};
			buildConfigurationList = DE50C02E2AAA01A6006AD054 /* Build configuration list for PBXProject "NaverShoppingExplorer" */;
			compatibilityVersion = "Xcode 14.0";
			developmentRegion = en;
			hasScannedForEncodings = 0;
			knownRegions = (
				en,
				Base,
			);
			mainGroup = DE50C02A2AAA01A6006AD054;
			packageReferences = (
				DE50C0562AAA05DF006AD054 /* XCRemoteSwiftPackageReference "realm-swift" */,
				DE50C05B2AAA05ED006AD054 /* XCRemoteSwiftPackageReference "SnapKit" */,
				DE50C05E2AAA05FD006AD054 /* XCRemoteSwiftPackageReference "Kingfisher" */,
				DE50C0612AAA0636006AD054 /* XCRemoteSwiftPackageReference "TextFieldEffects" */,
			);
			productRefGroup = DE50C0342AAA01A6006AD054 /* Products */;
			projectDirPath = "";
			projectRoot = "";
			targets = (
				DE50C0322AAA01A6006AD054 /* NaverShoppingExplorer */,
			);
		};
/* End PBXProject section */

/* Begin PBXResourcesBuildPhase section */
		DE50C0312AAA01A6006AD054 /* Resources */ = {
			isa = PBXResourcesBuildPhase;
			buildActionMask = 2147483647;
			files = (
				DE50C0432AAA01A8006AD054 /* LaunchScreen.storyboard in Resources */,
				DE50C0402AAA01A8006AD054 /* Assets.xcassets in Resources */,
			);
			runOnlyForDeploymentPostprocessing = 0;
		};
/* End PBXResourcesBuildPhase section */

/* Begin PBXSourcesBuildPhase section */
		DE50C02F2AAA01A6006AD054 /* Sources */ = {
			isa = PBXSourcesBuildPhase;
			buildActionMask = 2147483647;
			files = (
				DE50C0812AAA3600006AD054 /* UICollectionView+Extension.swift in Sources */,
				DE50C03B2AAA01A6006AD054 /* MainViewController.swift in Sources */,
				DE50C0652AAA0683006AD054 /* MainView.swift in Sources */,
				DE3FEB482AAB52E900591394 /* SearchResultReusableView.swift in Sources */,
				DE3FEB512AABE7B800591394 /* LikedViewController.swift in Sources */,
				DE3FEB462AAB4B7A00591394 /* String+Extension.swift in Sources */,
				DE50C06D2AAA090F006AD054 /* EndPoint.swift in Sources */,
				DE50C07B2AAA19B0006AD054 /* Shopping.swift in Sources */,
				DE50C06F2AAA0915006AD054 /* APIService.swift in Sources */,
				DE50C0782AAA15E6006AD054 /* Parameter.swift in Sources */,
				DE50C0552AAA0566006AD054 /* Constant.swift in Sources */,
				DE3FEB4F2AABCA1100591394 /* ProductTableRepository.swift in Sources */,
				DE50C0372AAA01A6006AD054 /* AppDelegate.swift in Sources */,
				DE50C0762AAA1455006AD054 /* URL+Extension.swift in Sources */,
				DE50C0392AAA01A6006AD054 /* SceneDelegate.swift in Sources */,
				DE50C07F2AAA33CB006AD054 /* SearchResultView.swift in Sources */,
				DE4931602AAA96FD000D70F9 /* UILabel+Extension.swift in Sources */,
				DE3FEB4A2AAB7A5500591394 /* UIImage+Extension.swift in Sources */,
				DE3FEB4C2AABAD6C00591394 /* Product.swift in Sources */,
				DE50C0852AAA3728006AD054 /* SearchResultCVCell.swift in Sources */,
				DE50C0682AAA06D8006AD054 /* Protocols.swift in Sources */,
				DE50C0722AAA0928006AD054 /* APIKey.swift in Sources */,
				DE50C07D2AAA2763006AD054 /* SearchResultViewController.swift in Sources */,
				DE50C06A2AAA07F2006AD054 /* ReusableProtocol.swift in Sources */,
				DE3FEB532AABEB5C00591394 /* LikedView.swift in Sources */,
			);
			runOnlyForDeploymentPostprocessing = 0;
		};
/* End PBXSourcesBuildPhase section */

/* Begin PBXVariantGroup section */
		DE50C0412AAA01A8006AD054 /* LaunchScreen.storyboard */ = {
			isa = PBXVariantGroup;
			children = (
				DE50C0422AAA01A8006AD054 /* Base */,
			);
			name = LaunchScreen.storyboard;
			sourceTree = "<group>";
		};
/* End PBXVariantGroup section */

/* Begin XCBuildConfiguration section */
		DE50C0452AAA01A8006AD054 /* Debug */ = {
			isa = XCBuildConfiguration;
			buildSettings = {
				ALWAYS_SEARCH_USER_PATHS = NO;
				CLANG_ANALYZER_NONNULL = YES;
				CLANG_ANALYZER_NUMBER_OBJECT_CONVERSION = YES_AGGRESSIVE;
				CLANG_CXX_LANGUAGE_STANDARD = "gnu++20";
				CLANG_ENABLE_MODULES = YES;
				CLANG_ENABLE_OBJC_ARC = YES;
				CLANG_ENABLE_OBJC_WEAK = YES;
				CLANG_WARN_BLOCK_CAPTURE_AUTORELEASING = YES;
				CLANG_WARN_BOOL_CONVERSION = YES;
				CLANG_WARN_COMMA = YES;
				CLANG_WARN_CONSTANT_CONVERSION = YES;
				CLANG_WARN_DEPRECATED_OBJC_IMPLEMENTATIONS = YES;
				CLANG_WARN_DIRECT_OBJC_ISA_USAGE = YES_ERROR;
				CLANG_WARN_DOCUMENTATION_COMMENTS = YES;
				CLANG_WARN_EMPTY_BODY = YES;
				CLANG_WARN_ENUM_CONVERSION = YES;
				CLANG_WARN_INFINITE_RECURSION = YES;
				CLANG_WARN_INT_CONVERSION = YES;
				CLANG_WARN_NON_LITERAL_NULL_CONVERSION = YES;
				CLANG_WARN_OBJC_IMPLICIT_RETAIN_SELF = YES;
				CLANG_WARN_OBJC_LITERAL_CONVERSION = YES;
				CLANG_WARN_OBJC_ROOT_CLASS = YES_ERROR;
				CLANG_WARN_QUOTED_INCLUDE_IN_FRAMEWORK_HEADER = YES;
				CLANG_WARN_RANGE_LOOP_ANALYSIS = YES;
				CLANG_WARN_STRICT_PROTOTYPES = YES;
				CLANG_WARN_SUSPICIOUS_MOVE = YES;
				CLANG_WARN_UNGUARDED_AVAILABILITY = YES_AGGRESSIVE;
				CLANG_WARN_UNREACHABLE_CODE = YES;
				CLANG_WARN__DUPLICATE_METHOD_MATCH = YES;
				COPY_PHASE_STRIP = NO;
				DEBUG_INFORMATION_FORMAT = dwarf;
				ENABLE_STRICT_OBJC_MSGSEND = YES;
				ENABLE_TESTABILITY = YES;
				GCC_C_LANGUAGE_STANDARD = gnu11;
				GCC_DYNAMIC_NO_PIC = NO;
				GCC_NO_COMMON_BLOCKS = YES;
				GCC_OPTIMIZATION_LEVEL = 0;
				GCC_PREPROCESSOR_DEFINITIONS = (
					"DEBUG=1",
					"$(inherited)",
				);
				GCC_WARN_64_TO_32_BIT_CONVERSION = YES;
				GCC_WARN_ABOUT_RETURN_TYPE = YES_ERROR;
				GCC_WARN_UNDECLARED_SELECTOR = YES;
				GCC_WARN_UNINITIALIZED_AUTOS = YES_AGGRESSIVE;
				GCC_WARN_UNUSED_FUNCTION = YES;
				GCC_WARN_UNUSED_VARIABLE = YES;
				IPHONEOS_DEPLOYMENT_TARGET = 16.4;
				MTL_ENABLE_DEBUG_INFO = INCLUDE_SOURCE;
				MTL_FAST_MATH = YES;
				ONLY_ACTIVE_ARCH = YES;
				SDKROOT = iphoneos;
				SWIFT_ACTIVE_COMPILATION_CONDITIONS = DEBUG;
				SWIFT_OPTIMIZATION_LEVEL = "-Onone";
			};
			name = Debug;
		};
		DE50C0462AAA01A8006AD054 /* Release */ = {
			isa = XCBuildConfiguration;
			buildSettings = {
				ALWAYS_SEARCH_USER_PATHS = NO;
				CLANG_ANALYZER_NONNULL = YES;
				CLANG_ANALYZER_NUMBER_OBJECT_CONVERSION = YES_AGGRESSIVE;
				CLANG_CXX_LANGUAGE_STANDARD = "gnu++20";
				CLANG_ENABLE_MODULES = YES;
				CLANG_ENABLE_OBJC_ARC = YES;
				CLANG_ENABLE_OBJC_WEAK = YES;
				CLANG_WARN_BLOCK_CAPTURE_AUTORELEASING = YES;
				CLANG_WARN_BOOL_CONVERSION = YES;
				CLANG_WARN_COMMA = YES;
				CLANG_WARN_CONSTANT_CONVERSION = YES;
				CLANG_WARN_DEPRECATED_OBJC_IMPLEMENTATIONS = YES;
				CLANG_WARN_DIRECT_OBJC_ISA_USAGE = YES_ERROR;
				CLANG_WARN_DOCUMENTATION_COMMENTS = YES;
				CLANG_WARN_EMPTY_BODY = YES;
				CLANG_WARN_ENUM_CONVERSION = YES;
				CLANG_WARN_INFINITE_RECURSION = YES;
				CLANG_WARN_INT_CONVERSION = YES;
				CLANG_WARN_NON_LITERAL_NULL_CONVERSION = YES;
				CLANG_WARN_OBJC_IMPLICIT_RETAIN_SELF = YES;
				CLANG_WARN_OBJC_LITERAL_CONVERSION = YES;
				CLANG_WARN_OBJC_ROOT_CLASS = YES_ERROR;
				CLANG_WARN_QUOTED_INCLUDE_IN_FRAMEWORK_HEADER = YES;
				CLANG_WARN_RANGE_LOOP_ANALYSIS = YES;
				CLANG_WARN_STRICT_PROTOTYPES = YES;
				CLANG_WARN_SUSPICIOUS_MOVE = YES;
				CLANG_WARN_UNGUARDED_AVAILABILITY = YES_AGGRESSIVE;
				CLANG_WARN_UNREACHABLE_CODE = YES;
				CLANG_WARN__DUPLICATE_METHOD_MATCH = YES;
				COPY_PHASE_STRIP = NO;
				DEBUG_INFORMATION_FORMAT = "dwarf-with-dsym";
				ENABLE_NS_ASSERTIONS = NO;
				ENABLE_STRICT_OBJC_MSGSEND = YES;
				GCC_C_LANGUAGE_STANDARD = gnu11;
				GCC_NO_COMMON_BLOCKS = YES;
				GCC_WARN_64_TO_32_BIT_CONVERSION = YES;
				GCC_WARN_ABOUT_RETURN_TYPE = YES_ERROR;
				GCC_WARN_UNDECLARED_SELECTOR = YES;
				GCC_WARN_UNINITIALIZED_AUTOS = YES_AGGRESSIVE;
				GCC_WARN_UNUSED_FUNCTION = YES;
				GCC_WARN_UNUSED_VARIABLE = YES;
				IPHONEOS_DEPLOYMENT_TARGET = 16.4;
				MTL_ENABLE_DEBUG_INFO = NO;
				MTL_FAST_MATH = YES;
				SDKROOT = iphoneos;
				SWIFT_COMPILATION_MODE = wholemodule;
				SWIFT_OPTIMIZATION_LEVEL = "-O";
				VALIDATE_PRODUCT = YES;
			};
			name = Release;
		};
		DE50C0482AAA01A8006AD054 /* Debug */ = {
			isa = XCBuildConfiguration;
			buildSettings = {
				ASSETCATALOG_COMPILER_APPICON_NAME = AppIcon;
				ASSETCATALOG_COMPILER_GLOBAL_ACCENT_COLOR_NAME = AccentColor;
				CODE_SIGN_STYLE = Automatic;
				CURRENT_PROJECT_VERSION = 1;
				DEVELOPMENT_TEAM = R5RPU2QP33;
				GENERATE_INFOPLIST_FILE = YES;
				INFOPLIST_FILE = NaverShoppingExplorer/Info.plist;
				INFOPLIST_KEY_UIApplicationSupportsIndirectInputEvents = YES;
				INFOPLIST_KEY_UILaunchStoryboardName = LaunchScreen;
				INFOPLIST_KEY_UISupportedInterfaceOrientations = UIInterfaceOrientationPortrait;
				INFOPLIST_KEY_UISupportedInterfaceOrientations_iPad = "UIInterfaceOrientationLandscapeLeft UIInterfaceOrientationLandscapeRight UIInterfaceOrientationPortrait UIInterfaceOrientationPortraitUpsideDown";
				IPHONEOS_DEPLOYMENT_TARGET = 13.0;
				LD_RUNPATH_SEARCH_PATHS = (
					"$(inherited)",
					"@executable_path/Frameworks",
				);
				MARKETING_VERSION = 1.0;
				PRODUCT_BUNDLE_IDENTIFIER = unicus.fortis.NaverShoppingExplorer;
				PRODUCT_NAME = "$(TARGET_NAME)";
				SUPPORTED_PLATFORMS = "iphoneos iphonesimulator";
				SUPPORTS_MACCATALYST = NO;
				SUPPORTS_MAC_DESIGNED_FOR_IPHONE_IPAD = NO;
				SWIFT_EMIT_LOC_STRINGS = YES;
				SWIFT_VERSION = 5.0;
				TARGETED_DEVICE_FAMILY = 1;
			};
			name = Debug;
		};
		DE50C0492AAA01A8006AD054 /* Release */ = {
			isa = XCBuildConfiguration;
			buildSettings = {
				ASSETCATALOG_COMPILER_APPICON_NAME = AppIcon;
				ASSETCATALOG_COMPILER_GLOBAL_ACCENT_COLOR_NAME = AccentColor;
				CODE_SIGN_STYLE = Automatic;
				CURRENT_PROJECT_VERSION = 1;
				DEVELOPMENT_TEAM = R5RPU2QP33;
				GENERATE_INFOPLIST_FILE = YES;
				INFOPLIST_FILE = NaverShoppingExplorer/Info.plist;
				INFOPLIST_KEY_UIApplicationSupportsIndirectInputEvents = YES;
				INFOPLIST_KEY_UILaunchStoryboardName = LaunchScreen;
				INFOPLIST_KEY_UISupportedInterfaceOrientations = UIInterfaceOrientationPortrait;
				INFOPLIST_KEY_UISupportedInterfaceOrientations_iPad = "UIInterfaceOrientationLandscapeLeft UIInterfaceOrientationLandscapeRight UIInterfaceOrientationPortrait UIInterfaceOrientationPortraitUpsideDown";
				IPHONEOS_DEPLOYMENT_TARGET = 13.0;
				LD_RUNPATH_SEARCH_PATHS = (
					"$(inherited)",
					"@executable_path/Frameworks",
				);
				MARKETING_VERSION = 1.0;
				PRODUCT_BUNDLE_IDENTIFIER = unicus.fortis.NaverShoppingExplorer;
				PRODUCT_NAME = "$(TARGET_NAME)";
				SUPPORTED_PLATFORMS = "iphoneos iphonesimulator";
				SUPPORTS_MACCATALYST = NO;
				SUPPORTS_MAC_DESIGNED_FOR_IPHONE_IPAD = NO;
				SWIFT_EMIT_LOC_STRINGS = YES;
				SWIFT_VERSION = 5.0;
				TARGETED_DEVICE_FAMILY = 1;
			};
			name = Release;
		};
/* End XCBuildConfiguration section */

/* Begin XCConfigurationList section */
		DE50C02E2AAA01A6006AD054 /* Build configuration list for PBXProject "NaverShoppingExplorer" */ = {
			isa = XCConfigurationList;
			buildConfigurations = (
				DE50C0452AAA01A8006AD054 /* Debug */,
				DE50C0462AAA01A8006AD054 /* Release */,
			);
			defaultConfigurationIsVisible = 0;
			defaultConfigurationName = Release;
		};
		DE50C0472AAA01A8006AD054 /* Build configuration list for PBXNativeTarget "NaverShoppingExplorer" */ = {
			isa = XCConfigurationList;
			buildConfigurations = (
				DE50C0482AAA01A8006AD054 /* Debug */,
				DE50C0492AAA01A8006AD054 /* Release */,
			);
			defaultConfigurationIsVisible = 0;
			defaultConfigurationName = Release;
		};
/* End XCConfigurationList section */

/* Begin XCRemoteSwiftPackageReference section */
		DE50C0562AAA05DF006AD054 /* XCRemoteSwiftPackageReference "realm-swift" */ = {
			isa = XCRemoteSwiftPackageReference;
			repositoryURL = "https://github.com/realm/realm-swift.git";
			requirement = {
				branch = master;
				kind = branch;
			};
		};
		DE50C05B2AAA05ED006AD054 /* XCRemoteSwiftPackageReference "SnapKit" */ = {
			isa = XCRemoteSwiftPackageReference;
			repositoryURL = "https://github.com/SnapKit/SnapKit";
			requirement = {
				kind = upToNextMajorVersion;
				minimumVersion = 5.0.0;
			};
		};
		DE50C05E2AAA05FD006AD054 /* XCRemoteSwiftPackageReference "Kingfisher" */ = {
			isa = XCRemoteSwiftPackageReference;
			repositoryURL = "https://github.com/onevcat/Kingfisher.git";
			requirement = {
				kind = upToNextMajorVersion;
				minimumVersion = 7.0.0;
			};
		};
		DE50C0612AAA0636006AD054 /* XCRemoteSwiftPackageReference "TextFieldEffects" */ = {
			isa = XCRemoteSwiftPackageReference;
			repositoryURL = "https://github.com/raulriera/TextFieldEffects.git";
			requirement = {
				kind = upToNextMajorVersion;
				minimumVersion = 1.0.0;
			};
		};
/* End XCRemoteSwiftPackageReference section */

/* Begin XCSwiftPackageProductDependency section */
		DE50C0572AAA05DF006AD054 /* Realm */ = {
			isa = XCSwiftPackageProductDependency;
			package = DE50C0562AAA05DF006AD054 /* XCRemoteSwiftPackageReference "realm-swift" */;
			productName = Realm;
		};
		DE50C0592AAA05DF006AD054 /* RealmSwift */ = {
			isa = XCSwiftPackageProductDependency;
			package = DE50C0562AAA05DF006AD054 /* XCRemoteSwiftPackageReference "realm-swift" */;
			productName = RealmSwift;
		};
		DE50C05C2AAA05ED006AD054 /* SnapKit */ = {
			isa = XCSwiftPackageProductDependency;
			package = DE50C05B2AAA05ED006AD054 /* XCRemoteSwiftPackageReference "SnapKit" */;
			productName = SnapKit;
		};
		DE50C05F2AAA05FD006AD054 /* Kingfisher */ = {
			isa = XCSwiftPackageProductDependency;
			package = DE50C05E2AAA05FD006AD054 /* XCRemoteSwiftPackageReference "Kingfisher" */;
			productName = Kingfisher;
		};
		DE50C0622AAA0636006AD054 /* TextFieldEffects */ = {
			isa = XCSwiftPackageProductDependency;
			package = DE50C0612AAA0636006AD054 /* XCRemoteSwiftPackageReference "TextFieldEffects" */;
			productName = TextFieldEffects;
		};
/* End XCSwiftPackageProductDependency section */
	};
	rootObject = DE50C02B2AAA01A6006AD054 /* Project object */;
}
